{
  "name": "pi-extensions",
  "lockfileVersion": 3,
  "requires": true,
  "packages": {
    "": {
      "name": "pi-extensions",
      "dependencies": {
        "@dietrichgebert/ponytail": "4.9.0"
      }
    },
    "node_modules/@dietrichgebert/ponytail": {
      "version": "4.9.0",
      "resolved": "https://registry.npmjs.org/@dietrichgebert/ponytail/-/ponytail-4.9.0.tgz",
      "integrity": "sha512-OSdybtBZ3uDd5m/+zyz4h8/+BVBR9nGFhqTDmQkQb1v7k4Vfc1qql78naY64UjocdBPqR94htZEkKu2wpKTJaw==",
      "license": "MIT"
    }
  }
}
